// !$*UTF8*$!
{
	archiveVersion = 1;
	classes = {
	};
	objectVersion = 50;
	objects = {

/* Begin PBXBuildFile section */
		EDDA884E20FE42E300C3B5DE /* AppDelegate.swift in Sources */ = {isa = PBXBuildFile; fileRef = EDDA884D20FE42E300C3B5DE /* AppDelegate.swift */; };
		EDDA885020FE42E300C3B5DE /* ViewController.swift in Sources */ = {isa = PBXBuildFile; fileRef = EDDA884F20FE42E300C3B5DE /* ViewController.swift */; };
		EDDA885320FE42E300C3B5DE /* Main.storyboard in Resources */ = {isa = PBXBuildFile; fileRef = EDDA885120FE42E300C3B5DE /* Main.storyboard */; };
		EDDA885520FE42F500C3B5DE /* Assets.xcassets in Resources */ = {isa = PBXBuildFile; fileRef = EDDA885420FE42F500C3B5DE /* Assets.xcassets */; };
		EDDA885820FE42F500C3B5DE /* LaunchScreen.storyboard in Resources */ = {isa = PBXBuildFile; fileRef = EDDA885620FE42F500C3B5DE /* LaunchScreen.storyboard */; };
		EDDA886320FE42F500C3B5DE /* HelloMVVMTests.swift in Sources */ = {isa = PBXBuildFile; fileRef = EDDA886220FE42F500C3B5DE /* HelloMVVMTests.swift */; };
		EDDA886E20FE42F500C3B5DE /* HelloMVVMUITests.swift in Sources */ = {isa = PBXBuildFile; fileRef = EDDA886D20FE42F500C3B5DE /* HelloMVVMUITests.swift */; };
/* End PBXBuildFile section */

/* Begin PBXContainerItemProxy section */
		EDDA885F20FE42F500C3B5DE /* PBXContainerItemProxy */ = {
			isa = PBXContainerItemProxy;
			containerPortal = EDDA884220FE42E200C3B5DE /* Project object */;
			proxyType = 1;
			remoteGlobalIDString = EDDA884920FE42E200C3B5DE;
			remoteInfo = HelloMVVM;
		};
		EDDA886A20FE42F500C3B5DE /* PBXContainerItemProxy */ = {
			isa = PBXContainerItemProxy;
			containerPortal = EDDA884220FE42E200C3B5DE /* Project object */;
			proxyType = 1;
			remoteGlobalIDString = EDDA884920FE42E200C3B5DE;
			remoteInfo = HelloMVVM;
		};
/* End PBXContainerItemProxy section */

/* Begin PBXFileReference section */
		EDDA884A20FE42E200C3B5DE /* HelloMVVM.app */ = {isa = PBXFileReference; explicitFileType = wrapper.application; includeInIndex = 0; path = HelloMVVM.app; sourceTree = BUILT_PRODUCTS_DIR; };
		EDDA884D20FE42E300C3B5DE /* AppDelegate.swift */ = {isa = PBXFileReference; lastKnownFileType = sourcecode.swift; path = AppDelegate.swift; sourceTree = "<group>"; };
		EDDA884F20FE42E300C3B5DE /* ViewController.swift */ = {isa = PBXFileReference; lastKnownFileType = sourcecode.swift; path = ViewController.swift; sourceTree = "<group>"; };
		EDDA885220FE42E300C3B5DE /* Base */ = {isa = PBXFileReference; lastKnownFileType = file.storyboard; name = Base; path = Base.lproj/Main.storyboard; sourceTree = "<group>"; };
		EDDA885420FE42F500C3B5DE /* Assets.xcassets */ = {isa = PBXFileReference; lastKnownFileType = folder.assetcatalog; path = Assets.xcassets; sourceTree = "<group>"; };
		EDDA885720FE42F500C3B5DE /* Base */ = {isa = PBXFileReference; lastKnownFileType = file.storyboard; name = Base; path = Base.lproj/LaunchScreen.storyboard; sourceTree = "<group>"; };
		EDDA885920FE42F500C3B5DE /* Info.plist */ = {isa = PBXFileReference; lastKnownFileType = text.plist.xml; path = Info.plist; sourceTree = "<group>"; };
		EDDA885E20FE42F500C3B5DE /* HelloMVVMTests.xctest */ = {isa = PBXFileReference; explicitFileType = wrapper.cfbundle; includeInIndex = 0; path = HelloMVVMTests.xctest; sourceTree = BUILT_PRODUCTS_DIR; };
		EDDA886220FE42F500C3B5DE /* HelloMVVMTests.swift */ = {isa = PBXFileReference; lastKnownFileType = sourcecode.swift; path = HelloMVVMTests.swift; sourceTree = "<group>"; };
		EDDA886420FE42F500C3B5DE /* Info.plist */ = {isa = PBXFileReference; lastKnownFileType = text.plist.xml; path = Info.plist; sourceTree = "<group>"; };
		EDDA886920FE42F500C3B5DE /* HelloMVVMUITests.xctest */ = {isa = PBXFileReference; explicitFileType = wrapper.cfbundle; includeInIndex = 0; path = HelloMVVMUITests.xctest; sourceTree = BUILT_PRODUCTS_DIR; };
		EDDA886D20FE42F500C3B5DE /* HelloMVVMUITests.swift */ = {isa = PBXFileReference; lastKnownFileType = sourcecode.swift; path = HelloMVVMUITests.swift; sourceTree = "<group>"; };
		EDDA886F20FE42F600C3B5DE /* Info.plist */ = {isa = PBXFileReference; lastKnownFileType = text.plist.xml; path = Info.plist; sourceTree = "<group>"; };
/* End PBXFileReference section */

/* Begin PBXFrameworksBuildPhase section */
		EDDA884720FE42E200C3B5DE /* Frameworks */ = {
			isa = PBXFrameworksBuildPhase;
			buildActionMask = 2147483647;
			files = (
			);
			runOnlyForDeploymentPostprocessing = 0;
		};
		EDDA885B20FE42F500C3B5DE /* Frameworks */ = {
			isa = PBXFrameworksBuildPhase;
			buildActionMask = 2147483647;
			files = (
			);
			runOnlyForDeploymentPostprocessing = 0;
		};
		EDDA886620FE42F500C3B5DE /* Frameworks */ = {
			isa = PBXFrameworksBuildPhase;
			buildActionMask = 2147483647;
			files = (
			);
			runOnlyForDeploymentPostprocessing = 0;
		};
/* End PBXFrameworksBuildPhase section */

/* Begin PBXGroup section */
		EDDA884120FE42E200C3B5DE = {
			isa = PBXGroup;
			children = (
				EDDA884C20FE42E200C3B5DE /* HelloMVVM */,
				EDDA886120FE42F500C3B5DE /* HelloMVVMTests */,
				EDDA886C20FE42F500C3B5DE /* HelloMVVMUITests */,
				EDDA884B20FE42E200C3B5DE /* Products */,
			);
			sourceTree = "<group>";
		};
		EDDA884B20FE42E200C3B5DE /* Products */ = {
			isa = PBXGroup;
			children = (
				EDDA884A20FE42E200C3B5DE /* HelloMVVM.app */,
				EDDA885E20FE42F500C3B5DE /* HelloMVVMTests.xctest */,
				EDDA886920FE42F500C3B5DE /* HelloMVVMUITests.xctest */,
			);
			name = Products;
			sourceTree = "<group>";
		};
		EDDA884C20FE42E200C3B5DE /* HelloMVVM */ = {
			isa = PBXGroup;
			children = (
				EDDA884D20FE42E300C3B5DE /* AppDelegate.swift */,
				EDDA884F20FE42E300C3B5DE /* ViewController.swift */,
				EDDA885120FE42E300C3B5DE /* Main.storyboard */,
				EDDA885420FE42F500C3B5DE /* Assets.xcassets */,
				EDDA885620FE42F500C3B5DE /* LaunchScreen.storyboard */,
				EDDA885920FE42F500C3B5DE /* Info.plist */,
			);
			path = HelloMVVM;
			sourceTree = "<group>";
		};
		EDDA886120FE42F500C3B5DE /* HelloMVVMTests */ = {
			isa = PBXGroup;
			children = (
				EDDA886220FE42F500C3B5DE /* HelloMVVMTests.swift */,
				EDDA886420FE42F500C3B5DE /* Info.plist */,
			);
			path = HelloMVVMTests;
			sourceTree = "<group>";
		};
		EDDA886C20FE42F500C3B5DE /* HelloMVVMUITests */ = {
			isa = PBXGroup;
			children = (
				EDDA886D20FE42F500C3B5DE /* HelloMVVMUITests.swift */,
				EDDA886F20FE42F600C3B5DE /* Info.plist */,
			);
			path = HelloMVVMUITests;
			sourceTree = "<group>";
		};
/* End PBXGroup section */

/* Begin PBXNativeTarget section */
		EDDA884920FE42E200C3B5DE /* HelloMVVM */ = {
			isa = PBXNativeTarget;
			buildConfigurationList = EDDA887220FE42F600C3B5DE /* Build configuration list for PBXNativeTarget "HelloMVVM" */;
			buildPhases = (
				EDDA884620FE42E200C3B5DE /* Sources */,
				EDDA884720FE42E200C3B5DE /* Frameworks */,
				EDDA884820FE42E200C3B5DE /* Resources */,
			);
			buildRules = (
			);
			dependencies = (
			);
			name = HelloMVVM;
			productName = HelloMVVM;
			productReference = EDDA884A20FE42E200C3B5DE /* HelloMVVM.app */;
			productType = "com.apple.product-type.application";
		};
		EDDA885D20FE42F500C3B5DE /* HelloMVVMTests */ = {
			isa = PBXNativeTarget;
			buildConfigurationList = EDDA887520FE42F600C3B5DE /* Build configuration list for PBXNativeTarget "HelloMVVMTests" */;
			buildPhases = (
				EDDA885A20FE42F500C3B5DE /* Sources */,
				EDDA885B20FE42F500C3B5DE /* Frameworks */,
				EDDA885C20FE42F500C3B5DE /* Resources */,
			);
			buildRules = (
			);
			dependencies = (
				EDDA886020FE42F500C3B5DE /* PBXTargetDependency */,
			);
			name = HelloMVVMTests;
			productName = HelloMVVMTests;
			productReference = EDDA885E20FE42F500C3B5DE /* HelloMVVMTests.xctest */;
			productType = "com.apple.product-type.bundle.unit-test";
		};
		EDDA886820FE42F500C3B5DE /* HelloMVVMUITests */ = {
			isa = PBXNativeTarget;
			buildConfigurationList = EDDA887820FE42F600C3B5DE /* Build configuration list for PBXNativeTarget "HelloMVVMUITests" */;
			buildPhases = (
				EDDA886520FE42F500C3B5DE /* Sources */,
				EDDA886620FE42F500C3B5DE /* Frameworks */,
				EDDA886720FE42F500C3B5DE /* Resources */,
			);
			buildRules = (
			);
			dependencies = (
				EDDA886B20FE42F500C3B5DE /* PBXTargetDependency */,
			);
			name = HelloMVVMUITests;
			productName = HelloMVVMUITests;
			productReference = EDDA886920FE42F500C3B5DE /* HelloMVVMUITests.xctest */;
			productType = "com.apple.product-type.bundle.ui-testing";
		};
/* End PBXNativeTarget section */

/* Begin PBXProject section */
		EDDA884220FE42E200C3B5DE /* Project object */ = {
			isa = PBXProject;
			attributes = {
				LastSwiftUpdateCheck = 1000;
				LastUpgradeCheck = 1000;
				ORGANIZATIONNAME = Fernando;
				TargetAttributes = {
					EDDA884920FE42E200C3B5DE = {
						CreatedOnToolsVersion = 10.0;
					};
					EDDA885D20FE42F500C3B5DE = {
						CreatedOnToolsVersion = 10.0;
						TestTargetID = EDDA884920FE42E200C3B5DE;
					};
					EDDA886820FE42F500C3B5DE = {
						CreatedOnToolsVersion = 10.0;
						TestTargetID = EDDA884920FE42E200C3B5DE;
					};
				};
			};
			buildConfigurationList = EDDA884520FE42E200C3B5DE /* Build configuration list for PBXProject "HelloMVVM" */;
			compatibilityVersion = "Xcode 9.3";
			developmentRegion = en;
			hasScannedForEncodings = 0;
			knownRegions = (
				en,
				Base,
			);
			mainGroup = EDDA884120FE42E200C3B5DE;
			productRefGroup = EDDA884B20FE42E200C3B5DE /* Products */;
			projectDirPath = "";
			projectRoot = "";
			targets = (
				EDDA884920FE42E200C3B5DE /* HelloMVVM */,
				EDDA885D20FE42F500C3B5DE /* HelloMVVMTests */,
				EDDA886820FE42F500C3B5DE /* HelloMVVMUITests */,
			);
		};
/* End PBXProject section */

/* Begin PBXResourcesBuildPhase section */
		EDDA884820FE42E200C3B5DE /* Resources */ = {
			isa = PBXResourcesBuildPhase;
			buildActionMask = 2147483647;
			files = (
				EDDA885820FE42F500C3B5DE /* LaunchScreen.storyboard in Resources */,
				EDDA885520FE42F500C3B5DE /* Assets.xcassets in Resources */,
				EDDA885320FE42E300C3B5DE /* Main.storyboard in Resources */,
			);
			runOnlyForDeploymentPostprocessing = 0;
		};
		EDDA885C20FE42F500C3B5DE /* Resources */ = {
			isa = PBXResourcesBuildPhase;
			buildActionMask = 2147483647;
			files = (
			);
			runOnlyForDeploymentPostprocessing = 0;
		};
		EDDA886720FE42F500C3B5DE /* Resources */ = {
			isa = PBXResourcesBuildPhase;
			buildActionMask = 2147483647;
			files = (
			);
			runOnlyForDeploymentPostprocessing = 0;
		};
/* End PBXResourcesBuildPhase section */

/* Begin PBXSourcesBuildPhase section */
		EDDA884620FE42E200C3B5DE /* Sources */ = {
			isa = PBXSourcesBuildPhase;
			buildActionMask = 2147483647;
			files = (
				EDDA885020FE42E300C3B5DE /* ViewController.swift in Sources */,
				EDDA884E20FE42E300C3B5DE /* AppDelegate.swift in Sources */,
			);
			runOnlyForDeploymentPostprocessing = 0;
		};
		EDDA885A20FE42F500C3B5DE /* Sources */ = {
			isa = PBXSourcesBuildPhase;
			buildActionMask = 2147483647;
			files = (
				EDDA886320FE42F500C3B5DE /* HelloMVVMTests.swift in Sources */,
			);
			runOnlyForDeploymentPostprocessing = 0;
		};
		EDDA886520FE42F500C3B5DE /* Sources */ = {
			isa = PBXSourcesBuildPhase;
			buildActionMask = 2147483647;
			files = (
				EDDA886E20FE42F500C3B5DE /* HelloMVVMUITests.swift in Sources */,
			);
			runOnlyForDeploymentPostprocessing = 0;
		};
/* End PBXSourcesBuildPhase section */

/* Begin PBXTargetDependency section */
		EDDA886020FE42F500C3B5DE /* PBXTargetDependency */ = {
			isa = PBXTargetDependency;
			target = EDDA884920FE42E200C3B5DE /* HelloMVVM */;
			targetProxy = EDDA885F20FE42F500C3B5DE /* PBXContainerItemProxy */;
		};
		EDDA886B20FE42F500C3B5DE /* PBXTargetDependency */ = {
			isa = PBXTargetDependency;
			target = EDDA884920FE42E200C3B5DE /* HelloMVVM */;
			targetProxy = EDDA886A20FE42F500C3B5DE /* PBXContainerItemProxy */;
		};
/* End PBXTargetDependency section */

/* Begin PBXVariantGroup section */
		EDDA885120FE42E300C3B5DE /* Main.storyboard */ = {
			isa = PBXVariantGroup;
			children = (
				EDDA885220FE42E300C3B5DE /* Base */,
			);
			name = Main.storyboard;
			sourceTree = "<group>";
		};
		EDDA885620FE42F500C3B5DE /* LaunchScreen.storyboard */ = {
			isa = PBXVariantGroup;
			children = (
				EDDA885720FE42F500C3B5DE /* Base */,
			);
			name = LaunchScreen.storyboard;
			sourceTree = "<group>";
		};
/* End PBXVariantGroup section */

/* Begin XCBuildConfiguration section */
		EDDA887020FE42F600C3B5DE /* Debug */ = {
			isa = XCBuildConfiguration;
			buildSettings = {
				ALWAYS_SEARCH_USER_PATHS = NO;
				CLANG_ANALYZER_NONNULL = YES;
				CLANG_ANALYZER_NUMBER_OBJECT_CONVERSION = YES_AGGRESSIVE;
				CLANG_CXX_LANGUAGE_STANDARD = "gnu++14";
				CLANG_CXX_LIBRARY = "libc++";
				CLANG_ENABLE_MODULES = YES;
				CLANG_ENABLE_OBJC_ARC = YES;
				CLANG_ENABLE_OBJC_WEAK = YES;
				CLANG_WARN_BLOCK_CAPTURE_AUTORELEASING = YES;
				CLANG_WARN_BOOL_CONVERSION = YES;
				CLANG_WARN_COMMA = YES;
				CLANG_WARN_CONSTANT_CONVERSION = YES;
				CLANG_WARN_DEPRECATED_OBJC_IMPLEMENTATIONS = YES;
				CLANG_WARN_DIRECT_OBJC_ISA_USAGE = YES_ERROR;
				CLANG_WARN_DOCUMENTATION_COMMENTS = YES;
				CLANG_WARN_EMPTY_BODY = YES;
				CLANG_WARN_ENUM_CONVERSION = YES;
				CLANG_WARN_INFINITE_RECURSION = YES;
				CLANG_WARN_INT_CONVERSION = YES;
				CLANG_WARN_NON_LITERAL_NULL_CONVERSION = YES;
				CLANG_WARN_OBJC_IMPLICIT_RETAIN_SELF = YES;
				CLANG_WARN_OBJC_LITERAL_CONVERSION = YES;
				CLANG_WARN_OBJC_ROOT_CLASS = YES_ERROR;
				CLANG_WARN_RANGE_LOOP_ANALYSIS = YES;
				CLANG_WARN_STRICT_PROTOTYPES = YES;
				CLANG_WARN_SUSPICIOUS_MOVE = YES;
				CLANG_WARN_UNGUARDED_AVAILABILITY = YES_AGGRESSIVE;
				CLANG_WARN_UNREACHABLE_CODE = YES;
				CLANG_WARN__DUPLICATE_METHOD_MATCH = YES;
				CODE_SIGN_IDENTITY = "iPhone Developer";
				COPY_PHASE_STRIP = NO;
				DEBUG_INFORMATION_FORMAT = dwarf;
				ENABLE_STRICT_OBJC_MSGSEND = YES;
				ENABLE_TESTABILITY = YES;
				GCC_C_LANGUAGE_STANDARD = gnu11;
				GCC_DYNAMIC_NO_PIC = NO;
				GCC_NO_COMMON_BLOCKS = YES;
				GCC_OPTIMIZATION_LEVEL = 0;
				GCC_PREPROCESSOR_DEFINITIONS = (
					"DEBUG=1",
					"$(inherited)",
				);
				GCC_WARN_64_TO_32_BIT_CONVERSION = YES;
				GCC_WARN_ABOUT_RETURN_TYPE = YES_ERROR;
				GCC_WARN_UNDECLARED_SELECTOR = YES;
				GCC_WARN_UNINITIALIZED_AUTOS = YES_AGGRESSIVE;
				GCC_WARN_UNUSED_FUNCTION = YES;
				GCC_WARN_UNUSED_VARIABLE = YES;
				IPHONEOS_DEPLOYMENT_TARGET = 12.0;
				MTL_ENABLE_DEBUG_INFO = INCLUDE_SOURCE;
				ONLY_ACTIVE_ARCH = YES;
				SDKROOT = iphoneos;
				SWIFT_ACTIVE_COMPILATION_CONDITIONS = DEBUG;
				SWIFT_OPTIMIZATION_LEVEL = "-Onone";
			};
			name = Debug;
		};
		EDDA887120FE42F600C3B5DE /* Release */ = {
			isa = XCBuildConfiguration;
			buildSettings = {
				ALWAYS_SEARCH_USER_PATHS = NO;
				CLANG_ANALYZER_NONNULL = YES;
				CLANG_ANALYZER_NUMBER_OBJECT_CONVERSION = YES_AGGRESSIVE;
				CLANG_CXX_LANGUAGE_STANDARD = "gnu++14";
				CLANG_CXX_LIBRARY = "libc++";
				CLANG_ENABLE_MODULES = YES;
				CLANG_ENABLE_OBJC_ARC = YES;
				CLANG_ENABLE_OBJC_WEAK = YES;
				CLANG_WARN_BLOCK_CAPTURE_AUTORELEASING = YES;
				CLANG_WARN_BOOL_CONVERSION = YES;
				CLANG_WARN_COMMA = YES;
				CLANG_WARN_CONSTANT_CONVERSION = YES;
				CLANG_WARN_DEPRECATED_OBJC_IMPLEMENTATIONS = YES;
				CLANG_WARN_DIRECT_OBJC_ISA_USAGE = YES_ERROR;
				CLANG_WARN_DOCUMENTATION_COMMENTS = YES;
				CLANG_WARN_EMPTY_BODY = YES;
				CLANG_WARN_ENUM_CONVERSION = YES;
				CLANG_WARN_INFINITE_RECURSION = YES;
				CLANG_WARN_INT_CONVERSION = YES;
				CLANG_WARN_NON_LITERAL_NULL_CONVERSION = YES;
				CLANG_WARN_OBJC_IMPLICIT_RETAIN_SELF = YES;
				CLANG_WARN_OBJC_LITERAL_CONVERSION = YES;
				CLANG_WARN_OBJC_ROOT_CLASS = YES_ERROR;
				CLANG_WARN_RANGE_LOOP_ANALYSIS = YES;
				CLANG_WARN_STRICT_PROTOTYPES = YES;
				CLANG_WARN_SUSPICIOUS_MOVE = YES;
				CLANG_WARN_UNGUARDED_AVAILABILITY = YES_AGGRESSIVE;
				CLANG_WARN_UNREACHABLE_CODE = YES;
				CLANG_WARN__DUPLICATE_METHOD_MATCH = YES;
				CODE_SIGN_IDENTITY = "iPhone Developer";
				COPY_PHASE_STRIP = NO;
				DEBUG_INFORMATION_FORMAT = "dwarf-with-dsym";
				ENABLE_NS_ASSERTIONS = NO;
				ENABLE_STRICT_OBJC_MSGSEND = YES;
				GCC_C_LANGUAGE_STANDARD = gnu11;
				GCC_NO_COMMON_BLOCKS = YES;
				GCC_WARN_64_TO_32_BIT_CONVERSION = YES;
				GCC_WARN_ABOUT_RETURN_TYPE = YES_ERROR;
				GCC_WARN_UNDECLARED_SELECTOR = YES;
				GCC_WARN_UNINITIALIZED_AUTOS = YES_AGGRESSIVE;
				GCC_WARN_UNUSED_FUNCTION = YES;
				GCC_WARN_UNUSED_VARIABLE = YES;
				IPHONEOS_DEPLOYMENT_TARGET = 12.0;
				MTL_ENABLE_DEBUG_INFO = NO;
				SDKROOT = iphoneos;
				SWIFT_COMPILATION_MODE = wholemodule;
				SWIFT_OPTIMIZATION_LEVEL = "-O";
				VALIDATE_PRODUCT = YES;
			};
			name = Release;
		};
		EDDA887320FE42F600C3B5DE /* Debug */ = {
			isa = XCBuildConfiguration;
			buildSettings = {
				ASSETCATALOG_COMPILER_APPICON_NAME = AppIcon;
				CODE_SIGN_STYLE = Automatic;
				DEVELOPMENT_TEAM = S9GPVQ9CP7;
				INFOPLIST_FILE = HelloMVVM/Info.plist;
				LD_RUNPATH_SEARCH_PATHS = (
					"$(inherited)",
					"@executable_path/Frameworks",
				);
				PRODUCT_BUNDLE_IDENTIFIER = com.hello.HelloMVVM;
				PRODUCT_NAME = "$(TARGET_NAME)";
				SWIFT_VERSION = 4.2;
				TARGETED_DEVICE_FAMILY = "1,2";
			};
			name = Debug;
		};
		EDDA887420FE42F600C3B5DE /* Release */ = {
			isa = XCBuildConfiguration;
			buildSettings = {
				ASSETCATALOG_COMPILER_APPICON_NAME = AppIcon;
				CODE_SIGN_STYLE = Automatic;
				DEVELOPMENT_TEAM = S9GPVQ9CP7;
				INFOPLIST_FILE = HelloMVVM/Info.plist;
				LD_RUNPATH_SEARCH_PATHS = (
					"$(inherited)",
					"@executable_path/Frameworks",
				);
				PRODUCT_BUNDLE_IDENTIFIER = com.hello.HelloMVVM;
				PRODUCT_NAME = "$(TARGET_NAME)";
				SWIFT_VERSION = 4.2;
				TARGETED_DEVICE_FAMILY = "1,2";
			};
			name = Release;
		};
		EDDA887620FE42F600C3B5DE /* Debug */ = {
			isa = XCBuildConfiguration;
			buildSettings = {
				ALWAYS_EMBED_SWIFT_STANDARD_LIBRARIES = YES;
				BUNDLE_LOADER = "$(TEST_HOST)";
				CODE_SIGN_STYLE = Automatic;
				INFOPLIST_FILE = HelloMVVMTests/Info.plist;
				LD_RUNPATH_SEARCH_PATHS = (
					"$(inherited)",
					"@executable_path/Frameworks",
					"@loader_path/Frameworks",
				);
				PRODUCT_BUNDLE_IDENTIFIER = com.hello.HelloMVVMTests;
				PRODUCT_NAME = "$(TARGET_NAME)";
				SWIFT_VERSION = 4.2;
				TARGETED_DEVICE_FAMILY = "1,2";
				TEST_HOST = "$(BUILT_PRODUCTS_DIR)/HelloMVVM.app/HelloMVVM";
			};
			name = Debug;
		};
		EDDA887720FE42F600C3B5DE /* Release */ = {
			isa = XCBuildConfiguration;
			buildSettings = {
				ALWAYS_EMBED_SWIFT_STANDARD_LIBRARIES = YES;
				BUNDLE_LOADER = "$(TEST_HOST)";
				CODE_SIGN_STYLE = Automatic;
				INFOPLIST_FILE = HelloMVVMTests/Info.plist;
				LD_RUNPATH_SEARCH_PATHS = (
					"$(inherited)",
					"@executable_path/Frameworks",
					"@loader_path/Frameworks",
				);
				PRODUCT_BUNDLE_IDENTIFIER = com.hello.HelloMVVMTests;
				PRODUCT_NAME = "$(TARGET_NAME)";
				SWIFT_VERSION = 4.2;
				TARGETED_DEVICE_FAMILY = "1,2";
				TEST_HOST = "$(BUILT_PRODUCTS_DIR)/HelloMVVM.app/HelloMVVM";
			};
			name = Release;
		};
		EDDA887920FE42F600C3B5DE /* Debug */ = {
			isa = XCBuildConfiguration;
			buildSettings = {
				ALWAYS_EMBED_SWIFT_STANDARD_LIBRARIES = YES;
				CODE_SIGN_STYLE = Automatic;
				INFOPLIST_FILE = HelloMVVMUITests/Info.plist;
				LD_RUNPATH_SEARCH_PATHS = (
					"$(inherited)",
					"@executable_path/Frameworks",
					"@loader_path/Frameworks",
				);
				PRODUCT_BUNDLE_IDENTIFIER = com.hello.HelloMVVMUITests;
				PRODUCT_NAME = "$(TARGET_NAME)";
				SWIFT_VERSION = 4.2;
				TARGETED_DEVICE_FAMILY = "1,2";
				TEST_TARGET_NAME = HelloMVVM;
			};
			name = Debug;
		};
		EDDA887A20FE42F600C3B5DE /* Release */ = {
			isa = XCBuildConfiguration;
			buildSettings = {
				ALWAYS_EMBED_SWIFT_STANDARD_LIBRARIES = YES;
				CODE_SIGN_STYLE = Automatic;
				INFOPLIST_FILE = HelloMVVMUITests/Info.plist;
				LD_RUNPATH_SEARCH_PATHS = (
					"$(inherited)",
					"@executable_path/Frameworks",
					"@loader_path/Frameworks",
				);
				PRODUCT_BUNDLE_IDENTIFIER = com.hello.HelloMVVMUITests;
				PRODUCT_NAME = "$(TARGET_NAME)";
				SWIFT_VERSION = 4.2;
				TARGETED_DEVICE_FAMILY = "1,2";
				TEST_TARGET_NAME = HelloMVVM;
			};
			name = Release;
		};
/* End XCBuildConfiguration section */

/* Begin XCConfigurationList section */
		EDDA884520FE42E200C3B5DE /* Build configuration list for PBXProject "HelloMVVM" */ = {
			isa = XCConfigurationList;
			buildConfigurations = (
				EDDA887020FE42F600C3B5DE /* Debug */,
				EDDA887120FE42F600C3B5DE /* Release */,
			);
			defaultConfigurationIsVisible = 0;
			defaultConfigurationName = Release;
		};
		EDDA887220FE42F600C3B5DE /* Build configuration list for PBXNativeTarget "HelloMVVM" */ = {
			isa = XCConfigurationList;
			buildConfigurations = (
				EDDA887320FE42F600C3B5DE /* Debug */,
				EDDA887420FE42F600C3B5DE /* Release */,
			);
			defaultConfigurationIsVisible = 0;
			defaultConfigurationName = Release;
		};
		EDDA887520FE42F600C3B5DE /* Build configuration list for PBXNativeTarget "HelloMVVMTests" */ = {
			isa = XCConfigurationList;
			buildConfigurations = (
				EDDA887620FE42F600C3B5DE /* Debug */,
				EDDA887720FE42F600C3B5DE /* Release */,
			);
			defaultConfigurationIsVisible = 0;
			defaultConfigurationName = Release;
		};
		EDDA887820FE42F600C3B5DE /* Build configuration list for PBXNativeTarget "HelloMVVMUITests" */ = {
			isa = XCConfigurationList;
			buildConfigurations = (
				EDDA887920FE42F600C3B5DE /* Debug */,
				EDDA887A20FE42F600C3B5DE /* Release */,
			);
			defaultConfigurationIsVisible = 0;
			defaultConfigurationName = Release;
		};
/* End XCConfigurationList section */
	};
	rootObject = EDDA884220FE42E200C3B5DE /* Project object */;
}
